// !$*UTF8*$!
{
	archiveVersion = 1;
	classes = {
	};
	objectVersion = 46;
	objects = {

/* Begin PBXBuildFile section */
		0C4AF1FF1DDEF2A100AB074F /* ReviewViewController.m in Sources */ = {isa = PBXBuildFile; fileRef = 0C4AF1FE1DDEF2A100AB074F /* ReviewViewController.m */; };
		0C4AF2011DE0392D00AB074F /* MapKit.framework in Frameworks */ = {isa = PBXBuildFile; fileRef = 0C4AF2001DE0392D00AB074F /* MapKit.framework */; };
		0C4AF2041DE1A1FB00AB074F /* MapViewController.m in Sources */ = {isa = PBXBuildFile; fileRef = 0C4AF2031DE1A1FB00AB074F /* MapViewController.m */; };
		0C4AF2071DE286F000AB074F /* AddRestaurantViewController.m in Sources */ = {isa = PBXBuildFile; fileRef = 0C4AF2061DE286F000AB074F /* AddRestaurantViewController.m */; };
		0C4AF20A1DE29D3800AB074F /* AddPhotoTableViewCell.m in Sources */ = {isa = PBXBuildFile; fileRef = 0C4AF2091DE29D3800AB074F /* AddPhotoTableViewCell.m */; };
		0C4AF20D1DE29E3F00AB074F /* AddRestaurantInfoTableViewCell.m in Sources */ = {isa = PBXBuildFile; fileRef = 0C4AF20C1DE29E3F00AB074F /* AddRestaurantInfoTableViewCell.m */; };
		0C4AF2101DE4482F00AB074F /* WalkthroughContentViewController.m in Sources */ = {isa = PBXBuildFile; fileRef = 0C4AF20F1DE4482F00AB074F /* WalkthroughContentViewController.m */; };
		0C4AF2131DE4574F00AB074F /* WalkthroughPageViewController.m in Sources */ = {isa = PBXBuildFile; fileRef = 0C4AF2121DE4574F00AB074F /* WalkthroughPageViewController.m */; };
		0C4AF2161DE5D49700AB074F /* FoodPinRootViewController.m in Sources */ = {isa = PBXBuildFile; fileRef = 0C4AF2151DE5D49700AB074F /* FoodPinRootViewController.m */; };
		0C4AF2191DE5D6B000AB074F /* RestaurantDiscoverViewController.m in Sources */ = {isa = PBXBuildFile; fileRef = 0C4AF2181DE5D6B000AB074F /* RestaurantDiscoverViewController.m */; };
		0C4AF21C1DE5D6D200AB074F /* RestaurantAboutViewController.m in Sources */ = {isa = PBXBuildFile; fileRef = 0C4AF21B1DE5D6D200AB074F /* RestaurantAboutViewController.m */; };
		0C4AF21F1DE7346500AB074F /* WebViewController.m in Sources */ = {isa = PBXBuildFile; fileRef = 0C4AF21E1DE7346500AB074F /* WebViewController.m */; };
		0C4AF2211DE73E1B00AB074F /* SafariServices.framework in Frameworks */ = {isa = PBXBuildFile; fileRef = 0C4AF2201DE73E1B00AB074F /* SafariServices.framework */; };
		0C684D1A1DFE931E00D61B78 /* Restaurant+CoreDataProperties.m in Sources */ = {isa = PBXBuildFile; fileRef = 0C684D171DFE931E00D61B78 /* Restaurant+CoreDataProperties.m */; };
		0C684D1B1DFE931E00D61B78 /* Restaurant.m in Sources */ = {isa = PBXBuildFile; fileRef = 0C684D191DFE931E00D61B78 /* Restaurant.m */; };
		0C97FE271DD9B33D0099113F /* main.m in Sources */ = {isa = PBXBuildFile; fileRef = 0C97FE261DD9B33D0099113F /* main.m */; };
		0C97FE2A1DD9B33D0099113F /* AppDelegate.m in Sources */ = {isa = PBXBuildFile; fileRef = 0C97FE291DD9B33D0099113F /* AppDelegate.m */; };
		0C97FE2D1DD9B33D0099113F /* RestaurantViewController.m in Sources */ = {isa = PBXBuildFile; fileRef = 0C97FE2C1DD9B33D0099113F /* RestaurantViewController.m */; };
		0C97FE301DD9B33D0099113F /* Main.storyboard in Resources */ = {isa = PBXBuildFile; fileRef = 0C97FE2E1DD9B33D0099113F /* Main.storyboard */; };
		0C97FE321DD9B33D0099113F /* Assets.xcassets in Resources */ = {isa = PBXBuildFile; fileRef = 0C97FE311DD9B33D0099113F /* Assets.xcassets */; };
		0C97FE351DD9B33D0099113F /* LaunchScreen.storyboard in Resources */ = {isa = PBXBuildFile; fileRef = 0C97FE331DD9B33D0099113F /* LaunchScreen.storyboard */; };
		0C97FE401DD9B33D0099113F /* FoodPinTests.m in Sources */ = {isa = PBXBuildFile; fileRef = 0C97FE3F1DD9B33D0099113F /* FoodPinTests.m */; };
		0C97FE4B1DD9B33D0099113F /* FoodPinUITests.m in Sources */ = {isa = PBXBuildFile; fileRef = 0C97FE4A1DD9B33D0099113F /* FoodPinUITests.m */; };
		0C97FE5B1DDAE65F0099113F /* RestaurantTableViewCell.m in Sources */ = {isa = PBXBuildFile; fileRef = 0C97FE5A1DDAE65F0099113F /* RestaurantTableViewCell.m */; };
		0C97FE5E1DDC31720099113F /* RestaurantDetailViewController.m in Sources */ = {isa = PBXBuildFile; fileRef = 0C97FE5D1DDC31720099113F /* RestaurantDetailViewController.m */; };
		0C97FE651DDC9CD50099113F /* RestaurantDetailTableViewCell.m in Sources */ = {isa = PBXBuildFile; fileRef = 0C97FE641DDC9CD50099113F /* RestaurantDetailTableViewCell.m */; };
		7A051019829F82B2C25DB32C /* libPods-FoodPin.a in Frameworks */ = {isa = PBXBuildFile; fileRef = 33328673DFFAB1B2DDE40BA3 /* libPods-FoodPin.a */; };
		D122EC401E1216D300B8C08E /* FoodPhotoBrowserCollectionViewCell.m in Sources */ = {isa = PBXBuildFile; fileRef = D122EC3F1E1216D300B8C08E /* FoodPhotoBrowserCollectionViewCell.m */; };
		D122EC441E124B9B00B8C08E /* FoodPinPresentAnimation.m in Sources */ = {isa = PBXBuildFile; fileRef = D122EC431E124B9B00B8C08E /* FoodPinPresentAnimation.m */; };
		D122EC551E1C917600B8C08E /* FPAlertController.m in Sources */ = {isa = PBXBuildFile; fileRef = D122EC541E1C917600B8C08E /* FPAlertController.m */; };
		D1AB40F51E4EF142006476E2 /* CloudKit.framework in Frameworks */ = {isa = PBXBuildFile; fileRef = D1AB40F41E4EF142006476E2 /* CloudKit.framework */; };
		D1B173D81E08184C0019CBE0 /* FoodPin.xcdatamodeld in Resources */ = {isa = PBXBuildFile; fileRef = D193BB1B1DFE39B7004D1573 /* FoodPin.xcdatamodeld */; };
		D1B173DE1E0BADF30019CBE0 /* DiscoverTableViewCell.m in Sources */ = {isa = PBXBuildFile; fileRef = D1B173DD1E0BADF30019CBE0 /* DiscoverTableViewCell.m */; };
		D1D985491E0E79A9006F0B8C /* Restaurants.m in Sources */ = {isa = PBXBuildFile; fileRef = D1D985481E0E79A9006F0B8C /* Restaurants.m */; };
		D1D9854E1E11656D006F0B8C /* FoodPhotoBrowseCollectionViewController.m in Sources */ = {isa = PBXBuildFile; fileRef = D1D9854D1E11656D006F0B8C /* FoodPhotoBrowseCollectionViewController.m */; };
/* End PBXBuildFile section */

/* Begin PBXContainerItemProxy section */
		0C97FE3C1DD9B33D0099113F /* PBXContainerItemProxy */ = {
			isa = PBXContainerItemProxy;
			containerPortal = 0C97FE1A1DD9B33D0099113F /* Project object */;
			proxyType = 1;
			remoteGlobalIDString = 0C97FE211DD9B33D0099113F;
			remoteInfo = FoodPin;
		};
		0C97FE471DD9B33D0099113F /* PBXContainerItemProxy */ = {
			isa = PBXContainerItemProxy;
			containerPortal = 0C97FE1A1DD9B33D0099113F /* Project object */;
			proxyType = 1;
			remoteGlobalIDString = 0C97FE211DD9B33D0099113F;
			remoteInfo = FoodPin;
		};
/* End PBXContainerItemProxy section */

/* Begin PBXFileReference section */
		0C4AF1FD1DDEF2A100AB074F /* ReviewViewController.h */ = {isa = PBXFileReference; fileEncoding = 4; lastKnownFileType = sourcecode.c.h; path = ReviewViewController.h; sourceTree = "<group>"; };
		0C4AF1FE1DDEF2A100AB074F /* ReviewViewController.m */ = {isa = PBXFileReference; fileEncoding = 4; lastKnownFileType = sourcecode.c.objc; path = ReviewViewController.m; sourceTree = "<group>"; };
		0C4AF2001DE0392D00AB074F /* MapKit.framework */ = {isa = PBXFileReference; lastKnownFileType = wrapper.framework; name = MapKit.framework; path = System/Library/Frameworks/MapKit.framework; sourceTree = SDKROOT; };
		0C4AF2021DE1A1FB00AB074F /* MapViewController.h */ = {isa = PBXFileReference; fileEncoding = 4; lastKnownFileType = sourcecode.c.h; path = MapViewController.h; sourceTree = "<group>"; };
		0C4AF2031DE1A1FB00AB074F /* MapViewController.m */ = {isa = PBXFileReference; fileEncoding = 4; lastKnownFileType = sourcecode.c.objc; path = MapViewController.m; sourceTree = "<group>"; };
		0C4AF2051DE286F000AB074F /* AddRestaurantViewController.h */ = {isa = PBXFileReference; fileEncoding = 4; lastKnownFileType = sourcecode.c.h; path = AddRestaurantViewController.h; sourceTree = "<group>"; };
		0C4AF2061DE286F000AB074F /* AddRestaurantViewController.m */ = {isa = PBXFileReference; fileEncoding = 4; lastKnownFileType = sourcecode.c.objc; path = AddRestaurantViewController.m; sourceTree = "<group>"; };
		0C4AF2081DE29D3800AB074F /* AddPhotoTableViewCell.h */ = {isa = PBXFileReference; fileEncoding = 4; lastKnownFileType = sourcecode.c.h; path = AddPhotoTableViewCell.h; sourceTree = "<group>"; };
		0C4AF2091DE29D3800AB074F /* AddPhotoTableViewCell.m */ = {isa = PBXFileReference; fileEncoding = 4; lastKnownFileType = sourcecode.c.objc; path = AddPhotoTableViewCell.m; sourceTree = "<group>"; };
		0C4AF20B1DE29E3F00AB074F /* AddRestaurantInfoTableViewCell.h */ = {isa = PBXFileReference; fileEncoding = 4; lastKnownFileType = sourcecode.c.h; path = AddRestaurantInfoTableViewCell.h; sourceTree = "<group>"; };
		0C4AF20C1DE29E3F00AB074F /* AddRestaurantInfoTableViewCell.m */ = {isa = PBXFileReference; fileEncoding = 4; lastKnownFileType = sourcecode.c.objc; path = AddRestaurantInfoTableViewCell.m; sourceTree = "<group>"; };
		0C4AF20E1DE4482F00AB074F /* WalkthroughContentViewController.h */ = {isa = PBXFileReference; fileEncoding = 4; lastKnownFileType = sourcecode.c.h; path = WalkthroughContentViewController.h; sourceTree = "<group>"; };
		0C4AF20F1DE4482F00AB074F /* WalkthroughContentViewController.m */ = {isa = PBXFileReference; fileEncoding = 4; lastKnownFileType = sourcecode.c.objc; path = WalkthroughContentViewController.m; sourceTree = "<group>"; };
		0C4AF2111DE4574F00AB074F /* WalkthroughPageViewController.h */ = {isa = PBXFileReference; fileEncoding = 4; lastKnownFileType = sourcecode.c.h; path = WalkthroughPageViewController.h; sourceTree = "<group>"; };
		0C4AF2121DE4574F00AB074F /* WalkthroughPageViewController.m */ = {isa = PBXFileReference; fileEncoding = 4; lastKnownFileType = sourcecode.c.objc; path = WalkthroughPageViewController.m; sourceTree = "<group>"; };
		0C4AF2141DE5D49700AB074F /* FoodPinRootViewController.h */ = {isa = PBXFileReference; fileEncoding = 4; lastKnownFileType = sourcecode.c.h; path = FoodPinRootViewController.h; sourceTree = "<group>"; };
		0C4AF2151DE5D49700AB074F /* FoodPinRootViewController.m */ = {isa = PBXFileReference; fileEncoding = 4; lastKnownFileType = sourcecode.c.objc; path = FoodPinRootViewController.m; sourceTree = "<group>"; };
		0C4AF2171DE5D6B000AB074F /* RestaurantDiscoverViewController.h */ = {isa = PBXFileReference; fileEncoding = 4; lastKnownFileType = sourcecode.c.h; path = RestaurantDiscoverViewController.h; sourceTree = "<group>"; };
		0C4AF2181DE5D6B000AB074F /* RestaurantDiscoverViewController.m */ = {isa = PBXFileReference; fileEncoding = 4; lastKnownFileType = sourcecode.c.objc; path = RestaurantDiscoverViewController.m; sourceTree = "<group>"; };
		0C4AF21A1DE5D6D200AB074F /* RestaurantAboutViewController.h */ = {isa = PBXFileReference; fileEncoding = 4; lastKnownFileType = sourcecode.c.h; path = RestaurantAboutViewController.h; sourceTree = "<group>"; };
		0C4AF21B1DE5D6D200AB074F /* RestaurantAboutViewController.m */ = {isa = PBXFileReference; fileEncoding = 4; lastKnownFileType = sourcecode.c.objc; path = RestaurantAboutViewController.m; sourceTree = "<group>"; };
		0C4AF21D1DE7346500AB074F /* WebViewController.h */ = {isa = PBXFileReference; fileEncoding = 4; lastKnownFileType = sourcecode.c.h; path = WebViewController.h; sourceTree = "<group>"; };
		0C4AF21E1DE7346500AB074F /* WebViewController.m */ = {isa = PBXFileReference; fileEncoding = 4; lastKnownFileType = sourcecode.c.objc; path = WebViewController.m; sourceTree = "<group>"; };
		0C4AF2201DE73E1B00AB074F /* SafariServices.framework */ = {isa = PBXFileReference; lastKnownFileType = wrapper.framework; name = SafariServices.framework; path = System/Library/Frameworks/SafariServices.framework; sourceTree = SDKROOT; };
		0C684D161DFE931E00D61B78 /* Restaurant+CoreDataProperties.h */ = {isa = PBXFileReference; fileEncoding = 4; lastKnownFileType = sourcecode.c.h; path = "Restaurant+CoreDataProperties.h"; sourceTree = "<group>"; };
		0C684D171DFE931E00D61B78 /* Restaurant+CoreDataProperties.m */ = {isa = PBXFileReference; fileEncoding = 4; lastKnownFileType = sourcecode.c.objc; path = "Restaurant+CoreDataProperties.m"; sourceTree = "<group>"; };
		0C684D181DFE931E00D61B78 /* Restaurant.h */ = {isa = PBXFileReference; fileEncoding = 4; lastKnownFileType = sourcecode.c.h; path = Restaurant.h; sourceTree = "<group>"; };
		0C684D191DFE931E00D61B78 /* Restaurant.m */ = {isa = PBXFileReference; fileEncoding = 4; lastKnownFileType = sourcecode.c.objc; path = Restaurant.m; sourceTree = "<group>"; };
		0C97FE221DD9B33D0099113F /* FoodPin.app */ = {isa = PBXFileReference; explicitFileType = wrapper.application; includeInIndex = 0; path = FoodPin.app; sourceTree = BUILT_PRODUCTS_DIR; };
		0C97FE261DD9B33D0099113F /* main.m */ = {isa = PBXFileReference; lastKnownFileType = sourcecode.c.objc; path = main.m; sourceTree = "<group>"; };
		0C97FE281DD9B33D0099113F /* AppDelegate.h */ = {isa = PBXFileReference; lastKnownFileType = sourcecode.c.h; path = AppDelegate.h; sourceTree = "<group>"; };
		0C97FE291DD9B33D0099113F /* AppDelegate.m */ = {isa = PBXFileReference; lastKnownFileType = sourcecode.c.objc; path = AppDelegate.m; sourceTree = "<group>"; };
		0C97FE2B1DD9B33D0099113F /* RestaurantViewController.h */ = {isa = PBXFileReference; lastKnownFileType = sourcecode.c.h; path = RestaurantViewController.h; sourceTree = "<group>"; };
		0C97FE2C1DD9B33D0099113F /* RestaurantViewController.m */ = {isa = PBXFileReference; lastKnownFileType = sourcecode.c.objc; path = RestaurantViewController.m; sourceTree = "<group>"; };
		0C97FE2F1DD9B33D0099113F /* Base */ = {isa = PBXFileReference; lastKnownFileType = file.storyboard; name = Base; path = Base.lproj/Main.storyboard; sourceTree = "<group>"; };
		0C97FE311DD9B33D0099113F /* Assets.xcassets */ = {isa = PBXFileReference; lastKnownFileType = folder.assetcatalog; path = Assets.xcassets; sourceTree = "<group>"; };
		0C97FE341DD9B33D0099113F /* Base */ = {isa = PBXFileReference; lastKnownFileType = file.storyboard; name = Base; path = Base.lproj/LaunchScreen.storyboard; sourceTree = "<group>"; };
		0C97FE361DD9B33D0099113F /* Info.plist */ = {isa = PBXFileReference; lastKnownFileType = text.plist.xml; path = Info.plist; sourceTree = "<group>"; };
		0C97FE3B1DD9B33D0099113F /* FoodPinTests.xctest */ = {isa = PBXFileReference; explicitFileType = wrapper.cfbundle; includeInIndex = 0; path = FoodPinTests.xctest; sourceTree = BUILT_PRODUCTS_DIR; };
		0C97FE3F1DD9B33D0099113F /* FoodPinTests.m */ = {isa = PBXFileReference; lastKnownFileType = sourcecode.c.objc; path = FoodPinTests.m; sourceTree = "<group>"; };
		0C97FE411DD9B33D0099113F /* Info.plist */ = {isa = PBXFileReference; lastKnownFileType = text.plist.xml; path = Info.plist; sourceTree = "<group>"; };
		0C97FE461DD9B33D0099113F /* FoodPinUITests.xctest */ = {isa = PBXFileReference; explicitFileType = wrapper.cfbundle; includeInIndex = 0; path = FoodPinUITests.xctest; sourceTree = BUILT_PRODUCTS_DIR; };
		0C97FE4A1DD9B33D0099113F /* FoodPinUITests.m */ = {isa = PBXFileReference; lastKnownFileType = sourcecode.c.objc; path = FoodPinUITests.m; sourceTree = "<group>"; };
		0C97FE4C1DD9B33D0099113F /* Info.plist */ = {isa = PBXFileReference; lastKnownFileType = text.plist.xml; path = Info.plist; sourceTree = "<group>"; };
		0C97FE591DDAE65F0099113F /* RestaurantTableViewCell.h */ = {isa = PBXFileReference; fileEncoding = 4; lastKnownFileType = sourcecode.c.h; path = RestaurantTableViewCell.h; sourceTree = "<group>"; };
		0C97FE5A1DDAE65F0099113F /* RestaurantTableViewCell.m */ = {isa = PBXFileReference; fileEncoding = 4; lastKnownFileType = sourcecode.c.objc; path = RestaurantTableViewCell.m; sourceTree = "<group>"; };
		0C97FE5C1DDC31720099113F /* RestaurantDetailViewController.h */ = {isa = PBXFileReference; fileEncoding = 4; lastKnownFileType = sourcecode.c.h; path = RestaurantDetailViewController.h; sourceTree = "<group>"; };
		0C97FE5D1DDC31720099113F /* RestaurantDetailViewController.m */ = {isa = PBXFileReference; fileEncoding = 4; lastKnownFileType = sourcecode.c.objc; path = RestaurantDetailViewController.m; sourceTree = "<group>"; };
		0C97FE631DDC9CD50099113F /* RestaurantDetailTableViewCell.h */ = {isa = PBXFileReference; fileEncoding = 4; lastKnownFileType = sourcecode.c.h; path = RestaurantDetailTableViewCell.h; sourceTree = "<group>"; };
		0C97FE641DDC9CD50099113F /* RestaurantDetailTableViewCell.m */ = {isa = PBXFileReference; fileEncoding = 4; lastKnownFileType = sourcecode.c.objc; path = RestaurantDetailTableViewCell.m; sourceTree = "<group>"; };
		33328673DFFAB1B2DDE40BA3 /* libPods-FoodPin.a */ = {isa = PBXFileReference; explicitFileType = archive.ar; includeInIndex = 0; path = "libPods-FoodPin.a"; sourceTree = BUILT_PRODUCTS_DIR; };
		91B3E33A90B8E8063FE3C876 /* Pods-FoodPin.debug.xcconfig */ = {isa = PBXFileReference; includeInIndex = 1; lastKnownFileType = text.xcconfig; name = "Pods-FoodPin.debug.xcconfig"; path = "Pods/Target Support Files/Pods-FoodPin/Pods-FoodPin.debug.xcconfig"; sourceTree = "<group>"; };
		D122EC3E1E1216D300B8C08E /* FoodPhotoBrowserCollectionViewCell.h */ = {isa = PBXFileReference; fileEncoding = 4; lastKnownFileType = sourcecode.c.h; path = FoodPhotoBrowserCollectionViewCell.h; sourceTree = "<group>"; };
		D122EC3F1E1216D300B8C08E /* FoodPhotoBrowserCollectionViewCell.m */ = {isa = PBXFileReference; fileEncoding = 4; lastKnownFileType = sourcecode.c.objc; path = FoodPhotoBrowserCollectionViewCell.m; sourceTree = "<group>"; };
		D122EC431E124B9B00B8C08E /* FoodPinPresentAnimation.m */ = {isa = PBXFileReference; fileEncoding = 4; lastKnownFileType = sourcecode.c.objc; path = FoodPinPresentAnimation.m; sourceTree = "<group>"; };
		D122EC451E124BAA00B8C08E /* FoodPinPresentAnimation.h */ = {isa = PBXFileReference; lastKnownFileType = sourcecode.c.h; path = FoodPinPresentAnimation.h; sourceTree = "<group>"; };
		D122EC531E1C915A00B8C08E /* FPAlertController.h */ = {isa = PBXFileReference; lastKnownFileType = sourcecode.c.h; path = FPAlertController.h; sourceTree = "<group>"; };
		D122EC541E1C917600B8C08E /* FPAlertController.m */ = {isa = PBXFileReference; fileEncoding = 4; lastKnownFileType = sourcecode.c.objc; path = FPAlertController.m; sourceTree = "<group>"; };
		D193BB1C1DFE39B7004D1573 /* FoodPin.xcdatamodel */ = {isa = PBXFileReference; lastKnownFileType = wrapper.xcdatamodel; path = FoodPin.xcdatamodel; sourceTree = "<group>"; };
		D1AB40F41E4EF142006476E2 /* CloudKit.framework */ = {isa = PBXFileReference; lastKnownFileType = wrapper.framework; name = CloudKit.framework; path = System/Library/Frameworks/CloudKit.framework; sourceTree = SDKROOT; };
		D1B173D91E0922310019CBE0 /* FoodPin.entitlements */ = {isa = PBXFileReference; lastKnownFileType = text.plist.entitlements; path = FoodPin.entitlements; sourceTree = "<group>"; };
		D1B173DC1E0BADF30019CBE0 /* DiscoverTableViewCell.h */ = {isa = PBXFileReference; fileEncoding = 4; lastKnownFileType = sourcecode.c.h; path = DiscoverTableViewCell.h; sourceTree = "<group>"; };
		D1B173DD1E0BADF30019CBE0 /* DiscoverTableViewCell.m */ = {isa = PBXFileReference; fileEncoding = 4; lastKnownFileType = sourcecode.c.objc; path = DiscoverTableViewCell.m; sourceTree = "<group>"; };
		D1D985481E0E79A9006F0B8C /* Restaurants.m */ = {isa = PBXFileReference; fileEncoding = 4; lastKnownFileType = sourcecode.c.objc; path = Restaurants.m; sourceTree = "<group>"; };
		D1D9854A1E0E79C4006F0B8C /* Restaurants.h */ = {isa = PBXFileReference; lastKnownFileType = sourcecode.c.h; path = Restaurants.h; sourceTree = "<group>"; };
		D1D9854C1E11656D006F0B8C /* FoodPhotoBrowseCollectionViewController.h */ = {isa = PBXFileReference; fileEncoding = 4; lastKnownFileType = sourcecode.c.h; path = FoodPhotoBrowseCollectionViewController.h; sourceTree = "<group>"; };
		D1D9854D1E11656D006F0B8C /* FoodPhotoBrowseCollectionViewController.m */ = {isa = PBXFileReference; fileEncoding = 4; lastKnownFileType = sourcecode.c.objc; path = FoodPhotoBrowseCollectionViewController.m; sourceTree = "<group>"; };
		F39B8D5923C6EB1AC304E858 /* Pods-FoodPin.release.xcconfig */ = {isa = PBXFileReference; includeInIndex = 1; lastKnownFileType = text.xcconfig; name = "Pods-FoodPin.release.xcconfig"; path = "Pods/Target Support Files/Pods-FoodPin/Pods-FoodPin.release.xcconfig"; sourceTree = "<group>"; };
/* End PBXFileReference section */

/* Begin PBXFrameworksBuildPhase section */
		0C97FE1F1DD9B33D0099113F /* Frameworks */ = {
			isa = PBXFrameworksBuildPhase;
			buildActionMask = 2147483647;
			files = (
				0C4AF2211DE73E1B00AB074F /* SafariServices.framework in Frameworks */,
				D1AB40F51E4EF142006476E2 /* CloudKit.framework in Frameworks */,
				0C4AF2011DE0392D00AB074F /* MapKit.framework in Frameworks */,
				7A051019829F82B2C25DB32C /* libPods-FoodPin.a in Frameworks */,
			);
			runOnlyForDeploymentPostprocessing = 0;
		};
		0C97FE381DD9B33D0099113F /* Frameworks */ = {
			isa = PBXFrameworksBuildPhase;
			buildActionMask = 2147483647;
			files = (
			);
			runOnlyForDeploymentPostprocessing = 0;
		};
		0C97FE431DD9B33D0099113F /* Frameworks */ = {
			isa = PBXFrameworksBuildPhase;
			buildActionMask = 2147483647;
			files = (
			);
			runOnlyForDeploymentPostprocessing = 0;
		};
/* End PBXFrameworksBuildPhase section */

/* Begin PBXGroup section */
		0C4E8365F4F8A9D8FD1E8694 /* Pods */ = {
			isa = PBXGroup;
			children = (
				91B3E33A90B8E8063FE3C876 /* Pods-FoodPin.debug.xcconfig */,
				F39B8D5923C6EB1AC304E858 /* Pods-FoodPin.release.xcconfig */,
			);
			name = Pods;
			sourceTree = "<group>";
		};
		0C684D151DFE931E00D61B78 /* RestaurantModel */ = {
			isa = PBXGroup;
			children = (
				0C684D161DFE931E00D61B78 /* Restaurant+CoreDataProperties.h */,
				0C684D171DFE931E00D61B78 /* Restaurant+CoreDataProperties.m */,
				0C684D181DFE931E00D61B78 /* Restaurant.h */,
				0C684D191DFE931E00D61B78 /* Restaurant.m */,
			);
			path = RestaurantModel;
			sourceTree = "<group>";
		};
		0C97FE191DD9B33D0099113F = {
			isa = PBXGroup;
			children = (
				D193BB1B1DFE39B7004D1573 /* FoodPin.xcdatamodeld */,
				0C97FE241DD9B33D0099113F /* FoodPin */,
				0C97FE3E1DD9B33D0099113F /* FoodPinTests */,
				0C97FE491DD9B33D0099113F /* FoodPinUITests */,
				0C97FE231DD9B33D0099113F /* Products */,
				0C4E8365F4F8A9D8FD1E8694 /* Pods */,
				80217D12571F311690B3643A /* Frameworks */,
			);
			sourceTree = "<group>";
		};
		0C97FE231DD9B33D0099113F /* Products */ = {
			isa = PBXGroup;
			children = (
				0C97FE221DD9B33D0099113F /* FoodPin.app */,
				0C97FE3B1DD9B33D0099113F /* FoodPinTests.xctest */,
				0C97FE461DD9B33D0099113F /* FoodPinUITests.xctest */,
			);
			name = Products;
			sourceTree = "<group>";
		};
		0C97FE241DD9B33D0099113F /* FoodPin */ = {
			isa = PBXGroup;
			children = (
				D122EC521E1C90EE00B8C08E /* PublicUI */,
				D122EC411E124A4400B8C08E /* Transitiondelegate */,
				D1B173D91E0922310019CBE0 /* FoodPin.entitlements */,
				0C97FE281DD9B33D0099113F /* AppDelegate.h */,
				0C97FE291DD9B33D0099113F /* AppDelegate.m */,
				0C4AF2141DE5D49700AB074F /* FoodPinRootViewController.h */,
				0C4AF2151DE5D49700AB074F /* FoodPinRootViewController.m */,
				0C97FE2B1DD9B33D0099113F /* RestaurantViewController.h */,
				0C97FE2C1DD9B33D0099113F /* RestaurantViewController.m */,
				0C4AF2171DE5D6B000AB074F /* RestaurantDiscoverViewController.h */,
				0C4AF2181DE5D6B000AB074F /* RestaurantDiscoverViewController.m */,
				0C4AF21A1DE5D6D200AB074F /* RestaurantAboutViewController.h */,
				0C4AF21B1DE5D6D200AB074F /* RestaurantAboutViewController.m */,
				0C97FE5C1DDC31720099113F /* RestaurantDetailViewController.h */,
				0C97FE5D1DDC31720099113F /* RestaurantDetailViewController.m */,
				0C4AF1FD1DDEF2A100AB074F /* ReviewViewController.h */,
				0C4AF1FE1DDEF2A100AB074F /* ReviewViewController.m */,
				0C4AF2021DE1A1FB00AB074F /* MapViewController.h */,
				0C4AF2031DE1A1FB00AB074F /* MapViewController.m */,
				0C4AF2051DE286F000AB074F /* AddRestaurantViewController.h */,
				0C4AF2061DE286F000AB074F /* AddRestaurantViewController.m */,
				0C4AF21D1DE7346500AB074F /* WebViewController.h */,
				0C4AF21E1DE7346500AB074F /* WebViewController.m */,
				D1D9854B1E0EC022006F0B8C /* WalkthroughtPage */,
				D1D985471E0E7953006F0B8C /* Restaurants */,
				0C684D151DFE931E00D61B78 /* RestaurantModel */,
				0C97FE581DDAE5FF0099113F /* TableViewCell */,
				0C97FE2E1DD9B33D0099113F /* Main.storyboard */,
				0C97FE311DD9B33D0099113F /* Assets.xcassets */,
				0C97FE331DD9B33D0099113F /* LaunchScreen.storyboard */,
				0C97FE361DD9B33D0099113F /* Info.plist */,
				0C97FE251DD9B33D0099113F /* Supporting Files */,
				D1D9854C1E11656D006F0B8C /* FoodPhotoBrowseCollectionViewController.h */,
				D1D9854D1E11656D006F0B8C /* FoodPhotoBrowseCollectionViewController.m */,
			);
			path = FoodPin;
			sourceTree = "<group>";
		};
		0C97FE251DD9B33D0099113F /* Supporting Files */ = {
			isa = PBXGroup;
			children = (
				0C97FE261DD9B33D0099113F /* main.m */,
			);
			name = "Supporting Files";
			sourceTree = "<group>";
		};
		0C97FE3E1DD9B33D0099113F /* FoodPinTests */ = {
			isa = PBXGroup;
			children = (
				0C97FE3F1DD9B33D0099113F /* FoodPinTests.m */,
				0C97FE411DD9B33D0099113F /* Info.plist */,
			);
			path = FoodPinTests;
			sourceTree = "<group>";
		};
		0C97FE491DD9B33D0099113F /* FoodPinUITests */ = {
			isa = PBXGroup;
			children = (
				0C97FE4A1DD9B33D0099113F /* FoodPinUITests.m */,
				0C97FE4C1DD9B33D0099113F /* Info.plist */,
			);
			path = FoodPinUITests;
			sourceTree = "<group>";
		};
		0C97FE581DDAE5FF0099113F /* TableViewCell */ = {
			isa = PBXGroup;
			children = (
				0C97FE591DDAE65F0099113F /* RestaurantTableViewCell.h */,
				0C97FE5A1DDAE65F0099113F /* RestaurantTableViewCell.m */,
				0C97FE631DDC9CD50099113F /* RestaurantDetailTableViewCell.h */,
				0C97FE641DDC9CD50099113F /* RestaurantDetailTableViewCell.m */,
				0C4AF2081DE29D3800AB074F /* AddPhotoTableViewCell.h */,
				0C4AF2091DE29D3800AB074F /* AddPhotoTableViewCell.m */,
				0C4AF20B1DE29E3F00AB074F /* AddRestaurantInfoTableViewCell.h */,
				0C4AF20C1DE29E3F00AB074F /* AddRestaurantInfoTableViewCell.m */,
				D1B173DC1E0BADF30019CBE0 /* DiscoverTableViewCell.h */,
				D1B173DD1E0BADF30019CBE0 /* DiscoverTableViewCell.m */,
				D122EC3E1E1216D300B8C08E /* FoodPhotoBrowserCollectionViewCell.h */,
				D122EC3F1E1216D300B8C08E /* FoodPhotoBrowserCollectionViewCell.m */,
			);
			path = TableViewCell;
			sourceTree = "<group>";
		};
		80217D12571F311690B3643A /* Frameworks */ = {
			isa = PBXGroup;
			children = (
				D1AB40F41E4EF142006476E2 /* CloudKit.framework */,
				0C4AF2201DE73E1B00AB074F /* SafariServices.framework */,
				0C4AF2001DE0392D00AB074F /* MapKit.framework */,
				33328673DFFAB1B2DDE40BA3 /* libPods-FoodPin.a */,
			);
			name = Frameworks;
			sourceTree = "<group>";
		};
		D122EC411E124A4400B8C08E /* Transitiondelegate */ = {
			isa = PBXGroup;
			children = (
				D122EC451E124BAA00B8C08E /* FoodPinPresentAnimation.h */,
				D122EC431E124B9B00B8C08E /* FoodPinPresentAnimation.m */,
			);
			path = Transitiondelegate;
			sourceTree = "<group>";
		};
		D122EC521E1C90EE00B8C08E /* PublicUI */ = {
			isa = PBXGroup;
			children = (
				D122EC531E1C915A00B8C08E /* FPAlertController.h */,
				D122EC541E1C917600B8C08E /* FPAlertController.m */,
			);
			path = PublicUI;
			sourceTree = "<group>";
		};
		D1D985471E0E7953006F0B8C /* Restaurants */ = {
			isa = PBXGroup;
			children = (
				D1D985481E0E79A9006F0B8C /* Restaurants.m */,
				D1D9854A1E0E79C4006F0B8C /* Restaurants.h */,
			);
			path = Restaurants;
			sourceTree = "<group>";
		};
		D1D9854B1E0EC022006F0B8C /* WalkthroughtPage */ = {
			isa = PBXGroup;
			children = (
				0C4AF20F1DE4482F00AB074F /* WalkthroughContentViewController.m */,
				0C4AF2121DE4574F00AB074F /* WalkthroughPageViewController.m */,
				0C4AF2111DE4574F00AB074F /* WalkthroughPageViewController.h */,
				0C4AF20E1DE4482F00AB074F /* WalkthroughContentViewController.h */,
			);
			name = WalkthroughtPage;
			sourceTree = "<group>";
		};
/* End PBXGroup section */

/* Begin PBXNativeTarget section */
		0C97FE211DD9B33D0099113F /* FoodPin */ = {
			isa = PBXNativeTarget;
			buildConfigurationList = 0C97FE4F1DD9B33D0099113F /* Build configuration list for PBXNativeTarget "FoodPin" */;
			buildPhases = (
				26A4BFCB0495BC39905E8147 /* [CP] Check Pods Manifest.lock */,
				0C97FE1E1DD9B33D0099113F /* Sources */,
				0C97FE1F1DD9B33D0099113F /* Frameworks */,
				0C97FE201DD9B33D0099113F /* Resources */,
				8F04B8D6FB46D0027126FFDA /* [CP] Embed Pods Frameworks */,
				009E21C9349420235739CC57 /* [CP] Copy Pods Resources */,
			);
			buildRules = (
			);
			dependencies = (
			);
			name = FoodPin;
			productName = FoodPin;
			productReference = 0C97FE221DD9B33D0099113F /* FoodPin.app */;
			productType = "com.apple.product-type.application";
		};
		0C97FE3A1DD9B33D0099113F /* FoodPinTests */ = {
			isa = PBXNativeTarget;
			buildConfigurationList = 0C97FE521DD9B33D0099113F /* Build configuration list for PBXNativeTarget "FoodPinTests" */;
			buildPhases = (
				0C97FE371DD9B33D0099113F /* Sources */,
				0C97FE381DD9B33D0099113F /* Frameworks */,
				0C97FE391DD9B33D0099113F /* Resources */,
			);
			buildRules = (
			);
			dependencies = (
				0C97FE3D1DD9B33D0099113F /* PBXTargetDependency */,
			);
			name = FoodPinTests;
			productName = FoodPinTests;
			productReference = 0C97FE3B1DD9B33D0099113F /* FoodPinTests.xctest */;
			productType = "com.apple.product-type.bundle.unit-test";
		};
		0C97FE451DD9B33D0099113F /* FoodPinUITests */ = {
			isa = PBXNativeTarget;
			buildConfigurationList = 0C97FE551DD9B33D0099113F /* Build configuration list for PBXNativeTarget "FoodPinUITests" */;
			buildPhases = (
				0C97FE421DD9B33D0099113F /* Sources */,
				0C97FE431DD9B33D0099113F /* Frameworks */,
				0C97FE441DD9B33D0099113F /* Resources */,
			);
			buildRules = (
			);
			dependencies = (
				0C97FE481DD9B33D0099113F /* PBXTargetDependency */,
			);
			name = FoodPinUITests;
			productName = FoodPinUITests;
			productReference = 0C97FE461DD9B33D0099113F /* FoodPinUITests.xctest */;
			productType = "com.apple.product-type.bundle.ui-testing";
		};
/* End PBXNativeTarget section */

/* Begin PBXProject section */
		0C97FE1A1DD9B33D0099113F /* Project object */ = {
			isa = PBXProject;
			attributes = {
				LastUpgradeCheck = 0730;
				ORGANIZATIONNAME = "永康范";
				TargetAttributes = {
					0C97FE211DD9B33D0099113F = {
						CreatedOnToolsVersion = 7.3.1;
						DevelopmentTeam = 5UUHKU5P3B;
						ProvisioningStyle = Automatic;
						SystemCapabilities = {
							com.apple.Maps.iOS = {
								enabled = 1;
							};
							com.apple.Push = {
								enabled = 1;
							};
							com.apple.iCloud = {
								enabled = 1;
							};
						};
					};
					0C97FE3A1DD9B33D0099113F = {
						CreatedOnToolsVersion = 7.3.1;
						TestTargetID = 0C97FE211DD9B33D0099113F;
					};
					0C97FE451DD9B33D0099113F = {
						CreatedOnToolsVersion = 7.3.1;
						TestTargetID = 0C97FE211DD9B33D0099113F;
					};
				};
			};
			buildConfigurationList = 0C97FE1D1DD9B33D0099113F /* Build configuration list for PBXProject "FoodPin" */;
			compatibilityVersion = "Xcode 3.2";
			developmentRegion = English;
			hasScannedForEncodings = 0;
			knownRegions = (
				en,
				Base,
			);
			mainGroup = 0C97FE191DD9B33D0099113F;
			productRefGroup = 0C97FE231DD9B33D0099113F /* Products */;
			projectDirPath = "";
			projectRoot = "";
			targets = (
				0C97FE211DD9B33D0099113F /* FoodPin */,
				0C97FE3A1DD9B33D0099113F /* FoodPinTests */,
				0C97FE451DD9B33D0099113F /* FoodPinUITests */,
			);
		};
/* End PBXProject section */

/* Begin PBXResourcesBuildPhase section */
		0C97FE201DD9B33D0099113F /* Resources */ = {
			isa = PBXResourcesBuildPhase;
			buildActionMask = 2147483647;
			files = (
				D1B173D81E08184C0019CBE0 /* FoodPin.xcdatamodeld in Resources */,
				0C97FE351DD9B33D0099113F /* LaunchScreen.storyboard in Resources */,
				0C97FE321DD9B33D0099113F /* Assets.xcassets in Resources */,
				0C97FE301DD9B33D0099113F /* Main.storyboard in Resources */,
			);
			runOnlyForDeploymentPostprocessing = 0;
		};
		0C97FE391DD9B33D0099113F /* Resources */ = {
			isa = PBXResourcesBuildPhase;
			buildActionMask = 2147483647;
			files = (
			);
			runOnlyForDeploymentPostprocessing = 0;
		};
		0C97FE441DD9B33D0099113F /* Resources */ = {
			isa = PBXResourcesBuildPhase;
			buildActionMask = 2147483647;
			files = (
			);
			runOnlyForDeploymentPostprocessing = 0;
		};
/* End PBXResourcesBuildPhase section */

/* Begin PBXShellScriptBuildPhase section */
		009E21C9349420235739CC57 /* [CP] Copy Pods Resources */ = {
			isa = PBXShellScriptBuildPhase;
			buildActionMask = 2147483647;
			files = (
			);
			inputPaths = (
			);
			name = "[CP] Copy Pods Resources";
			outputPaths = (
			);
			runOnlyForDeploymentPostprocessing = 0;
			shellPath = /bin/sh;
			shellScript = "\"${SRCROOT}/Pods/Target Support Files/Pods-FoodPin/Pods-FoodPin-resources.sh\"\n";
			showEnvVarsInLog = 0;
		};
		26A4BFCB0495BC39905E8147 /* [CP] Check Pods Manifest.lock */ = {
			isa = PBXShellScriptBuildPhase;
			buildActionMask = 2147483647;
			files = (
			);
			inputPaths = (
			);
			name = "[CP] Check Pods Manifest.lock";
			outputPaths = (
			);
			runOnlyForDeploymentPostprocessing = 0;
			shellPath = /bin/sh;
			shellScript = "diff \"${PODS_ROOT}/../Podfile.lock\" \"${PODS_ROOT}/Manifest.lock\" > /dev/null\nif [ $? != 0 ] ; then\n    # print error to STDERR\n    echo \"error: The sandbox is not in sync with the Podfile.lock. Run 'pod install' or update your CocoaPods installation.\" >&2\n    exit 1\nfi\n";
			showEnvVarsInLog = 0;
		};
		8F04B8D6FB46D0027126FFDA /* [CP] Embed Pods Frameworks */ = {
			isa = PBXShellScriptBuildPhase;
			buildActionMask = 2147483647;
			files = (
			);
			inputPaths = (
			);
			name = "[CP] Embed Pods Frameworks";
			outputPaths = (
			);
			runOnlyForDeploymentPostprocessing = 0;
			shellPath = /bin/sh;
			shellScript = "\"${SRCROOT}/Pods/Target Support Files/Pods-FoodPin/Pods-FoodPin-frameworks.sh\"\n";
			showEnvVarsInLog = 0;
		};
/* End PBXShellScriptBuildPhase section */

/* Begin PBXSourcesBuildPhase section */
		0C97FE1E1DD9B33D0099113F /* Sources */ = {
			isa = PBXSourcesBuildPhase;
			buildActionMask = 2147483647;
			files = (
				0C4AF21C1DE5D6D200AB074F /* RestaurantAboutViewController.m in Sources */,
				0C4AF20D1DE29E3F00AB074F /* AddRestaurantInfoTableViewCell.m in Sources */,
				0C4AF2101DE4482F00AB074F /* WalkthroughContentViewController.m in Sources */,
				D122EC551E1C917600B8C08E /* FPAlertController.m in Sources */,
				0C684D1A1DFE931E00D61B78 /* Restaurant+CoreDataProperties.m in Sources */,
				0C97FE5B1DDAE65F0099113F /* RestaurantTableViewCell.m in Sources */,
				0C97FE651DDC9CD50099113F /* RestaurantDetailTableViewCell.m in Sources */,
				0C4AF2191DE5D6B000AB074F /* RestaurantDiscoverViewController.m in Sources */,
				0C4AF1FF1DDEF2A100AB074F /* ReviewViewController.m in Sources */,
				0C4AF2041DE1A1FB00AB074F /* MapViewController.m in Sources */,
				0C97FE5E1DDC31720099113F /* RestaurantDetailViewController.m in Sources */,
				0C4AF2161DE5D49700AB074F /* FoodPinRootViewController.m in Sources */,
				0C97FE2D1DD9B33D0099113F /* RestaurantViewController.m in Sources */,
				0C97FE2A1DD9B33D0099113F /* AppDelegate.m in Sources */,
				D1D9854E1E11656D006F0B8C /* FoodPhotoBrowseCollectionViewController.m in Sources */,
				D122EC401E1216D300B8C08E /* FoodPhotoBrowserCollectionViewCell.m in Sources */,
				0C4AF2071DE286F000AB074F /* AddRestaurantViewController.m in Sources */,
				D1D985491E0E79A9006F0B8C /* Restaurants.m in Sources */,
				0C4AF21F1DE7346500AB074F /* WebViewController.m in Sources */,
				0C684D1B1DFE931E00D61B78 /* Restaurant.m in Sources */,
				D1B173DE1E0BADF30019CBE0 /* DiscoverTableViewCell.m in Sources */,
				D122EC441E124B9B00B8C08E /* FoodPinPresentAnimation.m in Sources */,
				0C4AF20A1DE29D3800AB074F /* AddPhotoTableViewCell.m in Sources */,
				0C4AF2131DE4574F00AB074F /* WalkthroughPageViewController.m in Sources */,
				0C97FE271DD9B33D0099113F /* main.m in Sources */,
			);
			runOnlyForDeploymentPostprocessing = 0;
		};
		0C97FE371DD9B33D0099113F /* Sources */ = {
			isa = PBXSourcesBuildPhase;
			buildActionMask = 2147483647;
			files = (
				0C97FE401DD9B33D0099113F /* FoodPinTests.m in Sources */,
			);
			runOnlyForDeploymentPostprocessing = 0;
		};
		0C97FE421DD9B33D0099113F /* Sources */ = {
			isa = PBXSourcesBuildPhase;
			buildActionMask = 2147483647;
			files = (
				0C97FE4B1DD9B33D0099113F /* FoodPinUITests.m in Sources */,
			);
			runOnlyForDeploymentPostprocessing = 0;
		};
/* End PBXSourcesBuildPhase section */

/* Begin PBXTargetDependency section */
		0C97FE3D1DD9B33D0099113F /* PBXTargetDependency */ = {
			isa = PBXTargetDependency;
			target = 0C97FE211DD9B33D0099113F /* FoodPin */;
			targetProxy = 0C97FE3C1DD9B33D0099113F /* PBXContainerItemProxy */;
		};
		0C97FE481DD9B33D0099113F /* PBXTargetDependency */ = {
			isa = PBXTargetDependency;
			target = 0C97FE211DD9B33D0099113F /* FoodPin */;
			targetProxy = 0C97FE471DD9B33D0099113F /* PBXContainerItemProxy */;
		};
/* End PBXTargetDependency section */

/* Begin PBXVariantGroup section */
		0C97FE2E1DD9B33D0099113F /* Main.storyboard */ = {
			isa = PBXVariantGroup;
			children = (
				0C97FE2F1DD9B33D0099113F /* Base */,
			);
			name = Main.storyboard;
			sourceTree = "<group>";
		};
		0C97FE331DD9B33D0099113F /* LaunchScreen.storyboard */ = {
			isa = PBXVariantGroup;
			children = (
				0C97FE341DD9B33D0099113F /* Base */,
			);
			name = LaunchScreen.storyboard;
			sourceTree = "<group>";
		};
/* End PBXVariantGroup section */

/* Begin XCBuildConfiguration section */
		0C97FE4D1DD9B33D0099113F /* Debug */ = {
			isa = XCBuildConfiguration;
			buildSettings = {
				ALWAYS_SEARCH_USER_PATHS = NO;
				CLANG_ANALYZER_NONNULL = YES;
				CLANG_CXX_LANGUAGE_STANDARD = "gnu++0x";
				CLANG_CXX_LIBRARY = "libc++";
				CLANG_ENABLE_MODULES = YES;
				CLANG_ENABLE_OBJC_ARC = YES;
				CLANG_WARN_BOOL_CONVERSION = YES;
				CLANG_WARN_CONSTANT_CONVERSION = YES;
				CLANG_WARN_DIRECT_OBJC_ISA_USAGE = YES_ERROR;
				CLANG_WARN_EMPTY_BODY = YES;
				CLANG_WARN_ENUM_CONVERSION = YES;
				CLANG_WARN_INT_CONVERSION = YES;
				CLANG_WARN_OBJC_ROOT_CLASS = YES_ERROR;
				CLANG_WARN_UNREACHABLE_CODE = YES;
				CLANG_WARN__DUPLICATE_METHOD_MATCH = YES;
				"CODE_SIGN_IDENTITY[sdk=iphoneos*]" = "iPhone Developer";
				COPY_PHASE_STRIP = NO;
				DEBUG_INFORMATION_FORMAT = dwarf;
				ENABLE_STRICT_OBJC_MSGSEND = YES;
				ENABLE_TESTABILITY = YES;
				GCC_C_LANGUAGE_STANDARD = gnu99;
				GCC_DYNAMIC_NO_PIC = NO;
				GCC_NO_COMMON_BLOCKS = YES;
				GCC_OPTIMIZATION_LEVEL = 0;
				GCC_PREPROCESSOR_DEFINITIONS = (
					"DEBUG=1",
					"$(inherited)",
				);
				GCC_WARN_64_TO_32_BIT_CONVERSION = YES;
				GCC_WARN_ABOUT_RETURN_TYPE = YES_ERROR;
				GCC_WARN_UNDECLARED_SELECTOR = YES;
				GCC_WARN_UNINITIALIZED_AUTOS = YES_AGGRESSIVE;
				GCC_WARN_UNUSED_FUNCTION = YES;
				GCC_WARN_UNUSED_VARIABLE = YES;
				IPHONEOS_DEPLOYMENT_TARGET = 9.3;
				MTL_ENABLE_DEBUG_INFO = YES;
				ONLY_ACTIVE_ARCH = YES;
				SDKROOT = iphoneos;
			};
			name = Debug;
		};
		0C97FE4E1DD9B33D0099113F /* Release */ = {
			isa = XCBuildConfiguration;
			buildSettings = {
				ALWAYS_SEARCH_USER_PATHS = NO;
				CLANG_ANALYZER_NONNULL = YES;
				CLANG_CXX_LANGUAGE_STANDARD = "gnu++0x";
				CLANG_CXX_LIBRARY = "libc++";
				CLANG_ENABLE_MODULES = YES;
				CLANG_ENABLE_OBJC_ARC = YES;
				CLANG_WARN_BOOL_CONVERSION = YES;
				CLANG_WARN_CONSTANT_CONVERSION = YES;
				CLANG_WARN_DIRECT_OBJC_ISA_USAGE = YES_ERROR;
				CLANG_WARN_EMPTY_BODY = YES;
				CLANG_WARN_ENUM_CONVERSION = YES;
				CLANG_WARN_INT_CONVERSION = YES;
				CLANG_WARN_OBJC_ROOT_CLASS = YES_ERROR;
				CLANG_WARN_UNREACHABLE_CODE = YES;
				CLANG_WARN__DUPLICATE_METHOD_MATCH = YES;
				"CODE_SIGN_IDENTITY[sdk=iphoneos*]" = "iPhone Developer";
				COPY_PHASE_STRIP = NO;
				DEBUG_INFORMATION_FORMAT = "dwarf-with-dsym";
				ENABLE_NS_ASSERTIONS = NO;
				ENABLE_STRICT_OBJC_MSGSEND = YES;
				GCC_C_LANGUAGE_STANDARD = gnu99;
				GCC_NO_COMMON_BLOCKS = YES;
				GCC_WARN_64_TO_32_BIT_CONVERSION = YES;
				GCC_WARN_ABOUT_RETURN_TYPE = YES_ERROR;
				GCC_WARN_UNDECLARED_SELECTOR = YES;
				GCC_WARN_UNINITIALIZED_AUTOS = YES_AGGRESSIVE;
				GCC_WARN_UNUSED_FUNCTION = YES;
				GCC_WARN_UNUSED_VARIABLE = YES;
				IPHONEOS_DEPLOYMENT_TARGET = 9.3;
				MTL_ENABLE_DEBUG_INFO = NO;
				SDKROOT = iphoneos;
				VALIDATE_PRODUCT = YES;
			};
			name = Release;
		};
		0C97FE501DD9B33D0099113F /* Debug */ = {
			isa = XCBuildConfiguration;
			baseConfigurationReference = 91B3E33A90B8E8063FE3C876 /* Pods-FoodPin.debug.xcconfig */;
			buildSettings = {
				ASSETCATALOG_COMPILER_APPICON_NAME = AppIcon;
				CODE_SIGN_ENTITLEMENTS = FoodPin/FoodPin.entitlements;
				CODE_SIGN_IDENTITY = "iPhone Developer";
				"CODE_SIGN_IDENTITY[sdk=iphoneos*]" = "iPhone Developer";
				DEVELOPMENT_TEAM = 5UUHKU5P3B;
				ENABLE_BITCODE = NO;
				ENABLE_TESTABILITY = NO;
				INFOPLIST_FILE = FoodPin/Info.plist;
				LD_RUNPATH_SEARCH_PATHS = "$(inherited) @executable_path/Frameworks";
				OTHER_LDFLAGS = (
					"$(inherited)",
					"-ObjC",
					"-l\"Masonry\"",
					"-framework",
					"\"Foundation\"",
					"-framework",
					"\"UIKit\"",
				);
				PRODUCT_BUNDLE_IDENTIFIER = com.yafeixu.FoodPinSearch;
				PRODUCT_NAME = "$(TARGET_NAME)";
				PROVISIONING_PROFILE = "";
				PROVISIONING_PROFILE_SPECIFIER = "";
			};
			name = Debug;
		};
		0C97FE511DD9B33D0099113F /* Release */ = {
			isa = XCBuildConfiguration;
			baseConfigurationReference = F39B8D5923C6EB1AC304E858 /* Pods-FoodPin.release.xcconfig */;
			buildSettings = {
				ASSETCATALOG_COMPILER_APPICON_NAME = AppIcon;
				CODE_SIGN_ENTITLEMENTS = FoodPin/FoodPin.entitlements;
				CODE_SIGN_IDENTITY = "iPhone Developer";
				"CODE_SIGN_IDENTITY[sdk=iphoneos*]" = "iPhone Developer";
				DEVELOPMENT_TEAM = 5UUHKU5P3B;
				ENABLE_BITCODE = NO;
				INFOPLIST_FILE = FoodPin/Info.plist;
				LD_RUNPATH_SEARCH_PATHS = "$(inherited) @executable_path/Frameworks";
				OTHER_LDFLAGS = (
					"$(inherited)",
					"-ObjC",
					"-l\"Masonry\"",
					"-framework",
					"\"Foundation\"",
					"-framework",
					"\"UIKit\"",
				);
				PRODUCT_BUNDLE_IDENTIFIER = com.yafeixu.FoodPinSearch;
				PRODUCT_NAME = "$(TARGET_NAME)";
				PROVISIONING_PROFILE = "";
				PROVISIONING_PROFILE_SPECIFIER = "";
			};
			name = Release;
		};
		0C97FE531DD9B33D0099113F /* Debug */ = {
			isa = XCBuildConfiguration;
			buildSettings = {
				BUNDLE_LOADER = "$(TEST_HOST)";
				INFOPLIST_FILE = FoodPinTests/Info.plist;
				LD_RUNPATH_SEARCH_PATHS = "$(inherited) @executable_path/Frameworks @loader_path/Frameworks";
				PRODUCT_BUNDLE_IDENTIFIER = com.polycom.FoodPinTests;
				PRODUCT_NAME = "$(TARGET_NAME)";
				TEST_HOST = "$(BUILT_PRODUCTS_DIR)/FoodPin.app/FoodPin";
			};
			name = Debug;
		};
		0C97FE541DD9B33D0099113F /* Release */ = {
			isa = XCBuildConfiguration;
			buildSettings = {
				BUNDLE_LOADER = "$(TEST_HOST)";
				INFOPLIST_FILE = FoodPinTests/Info.plist;
				LD_RUNPATH_SEARCH_PATHS = "$(inherited) @executable_path/Frameworks @loader_path/Frameworks";
				PRODUCT_BUNDLE_IDENTIFIER = com.polycom.FoodPinTests;
				PRODUCT_NAME = "$(TARGET_NAME)";
				TEST_HOST = "$(BUILT_PRODUCTS_DIR)/FoodPin.app/FoodPin";
			};
			name = Release;
		};
		0C97FE561DD9B33D0099113F /* Debug */ = {
			isa = XCBuildConfiguration;
			buildSettings = {
				INFOPLIST_FILE = FoodPinUITests/Info.plist;
				LD_RUNPATH_SEARCH_PATHS = "$(inherited) @executable_path/Frameworks @loader_path/Frameworks";
				PRODUCT_BUNDLE_IDENTIFIER = com.polycom.FoodPinUITests;
				PRODUCT_NAME = "$(TARGET_NAME)";
				TEST_TARGET_NAME = FoodPin;
			};
			name = Debug;
		};
		0C97FE571DD9B33D0099113F /* Release */ = {
			isa = XCBuildConfiguration;
			buildSettings = {
				INFOPLIST_FILE = FoodPinUITests/Info.plist;
				LD_RUNPATH_SEARCH_PATHS = "$(inherited) @executable_path/Frameworks @loader_path/Frameworks";
				PRODUCT_BUNDLE_IDENTIFIER = com.polycom.FoodPinUITests;
				PRODUCT_NAME = "$(TARGET_NAME)";
				TEST_TARGET_NAME = FoodPin;
			};
			name = Release;
		};
/* End XCBuildConfiguration section */

/* Begin XCConfigurationList section */
		0C97FE1D1DD9B33D0099113F /* Build configuration list for PBXProject "FoodPin" */ = {
			isa = XCConfigurationList;
			buildConfigurations = (
				0C97FE4D1DD9B33D0099113F /* Debug */,
				0C97FE4E1DD9B33D0099113F /* Release */,
			);
			defaultConfigurationIsVisible = 0;
			defaultConfigurationName = Release;
		};
		0C97FE4F1DD9B33D0099113F /* Build configuration list for PBXNativeTarget "FoodPin" */ = {
			isa = XCConfigurationList;
			buildConfigurations = (
				0C97FE501DD9B33D0099113F /* Debug */,
				0C97FE511DD9B33D0099113F /* Release */,
			);
			defaultConfigurationIsVisible = 0;
			defaultConfigurationName = Release;
		};
		0C97FE521DD9B33D0099113F /* Build configuration list for PBXNativeTarget "FoodPinTests" */ = {
			isa = XCConfigurationList;
			buildConfigurations = (
				0C97FE531DD9B33D0099113F /* Debug */,
				0C97FE541DD9B33D0099113F /* Release */,
			);
			defaultConfigurationIsVisible = 0;
			defaultConfigurationName = Release;
		};
		0C97FE551DD9B33D0099113F /* Build configuration list for PBXNativeTarget "FoodPinUITests" */ = {
			isa = XCConfigurationList;
			buildConfigurations = (
				0C97FE561DD9B33D0099113F /* Debug */,
				0C97FE571DD9B33D0099113F /* Release */,
			);
			defaultConfigurationIsVisible = 0;
			defaultConfigurationName = Release;
		};
/* End XCConfigurationList section */

/* Begin XCVersionGroup section */
		D193BB1B1DFE39B7004D1573 /* FoodPin.xcdatamodeld */ = {
			isa = XCVersionGroup;
			children = (
				D193BB1C1DFE39B7004D1573 /* FoodPin.xcdatamodel */,
			);
			currentVersion = D193BB1C1DFE39B7004D1573 /* FoodPin.xcdatamodel */;
			name = FoodPin.xcdatamodeld;
			path = FoodPin/FoodPin.xcdatamodeld;
			sourceTree = "<group>";
			versionGroupType = wrapper.xcdatamodel;
		};
/* End XCVersionGroup section */
	};
	rootObject = 0C97FE1A1DD9B33D0099113F /* Project object */;
}
